{
  "requires": true,
  "lockfileVersion": 1,
  "dependencies": {
    "quill-better-table": {
      "version": "1.2.8",
      "resolved": "https://registry.npmjs.org/quill-better-table/-/quill-better-table-1.2.8.tgz",
      "integrity": "sha512-0JZhG6hb5fM1kDchWtMKFFvXmbo2y/T7LeSWHtrWEBbkPcTzr9b4dZwuKKOLr7Oad7wpPFmuk9atYDeBGRO9Ww=="
    }
  }
}
